
Microsoft Visual Studio Solution File, Format Version 12.00
# Visual Studio Version 16
VisualStudioVersion = 16.0.29926.136
MinimumVisualStudioVersion = 10.0.40219.1
Project("{FAE04EC0-301F-11D3-BF4B-00C04F79EFBC}") = "StealthMonitoringNASA-API", "StealthMonitoringNASA-API\StealthMonitoringNASA-API.csproj", "{F1CBA0E0-4EFF-40F0-86D6-6099347BF412}"
EndProject
Global
	GlobalSection(SolutionConfigurationPlatforms) = preSolution
		Debug|Any CPU = Debug|Any CPU
		Release|Any CPU = Release|Any CPU
	EndGlobalSection
	GlobalSection(ProjectConfigurationPlatforms) = postSolution
		{F1CBA0E0-4EFF-40F0-86D6-6099347BF412}.Debug|Any CPU.ActiveCfg = Debug|Any CPU
		{F1CBA0E0-4EFF-40F0-86D6-6099347BF412}.Debug|Any CPU.Build.0 = Debug|Any CPU
		{F1CBA0E0-4EFF-40F0-86D6-6099347BF412}.Release|Any CPU.ActiveCfg = Release|Any CPU
		{F1CBA0E0-4EFF-40F0-86D6-6099347BF412}.Release|Any CPU.Build.0 = Release|Any CPU
	EndGlobalSection
	GlobalSection(SolutionProperties) = preSolution
		HideSolutionNode = FALSE
	EndGlobalSection
	GlobalSection(ExtensibilityGlobals) = postSolution
		SolutionGuid = {871A872F-A6DC-4630-BC3C-1C7E593E7E40}
	EndGlobalSection
EndGlobal
